
Microsoft Visual Studio Solution File, Format Version 12.00
# Visual Studio Version 17
VisualStudioVersion = 17.0.31512.422
MinimumVisualStudioVersion = 10.0.40219.1
Project("{9A19103F-16F7-4668-BE54-9A1E7A4F7556}") = "BlazorFunitureStore.Server", "BlazorFunitureStore\Server\BlazorFunitureStore.Server.csproj", "{A87C4CFD-F18C-459D-BD71-A5554DCCD580}"
EndProject
Project("{9A19103F-16F7-4668-BE54-9A1E7A4F7556}") = "BlazorFunitureStore.Client", "BlazorFunitureStore\Client\BlazorFunitureStore.Client.csproj", "{F4A826BD-BCA8-49C8-8E55-B3337A28F8CA}"
EndProject
Project("{9A19103F-16F7-4668-BE54-9A1E7A4F7556}") = "BlazorFunitureStore.Shared", "BlazorFunitureStore\Shared\BlazorFunitureStore.Shared.csproj", "{54B547C3-3217-426D-AB27-A38695DC19CD}"
EndProject
Project("{9A19103F-16F7-4668-BE54-9A1E7A4F7556}") = "Blazor.FunitureStore.Repositories", "Blazor.FunitureStore.Repositories\Blazor.FunitureStore.Repositories.csproj", "{93F64241-792D-4100-8AF2-6E2EE20BC61F}"
EndProject
Global
	GlobalSection(SolutionConfigurationPlatforms) = preSolution
		Debug|Any CPU = Debug|Any CPU
		Release|Any CPU = Release|Any CPU
	EndGlobalSection
	GlobalSection(ProjectConfigurationPlatforms) = postSolution
		{A87C4CFD-F18C-459D-BD71-A5554DCCD580}.Debug|Any CPU.ActiveCfg = Debug|Any CPU
		{A87C4CFD-F18C-459D-BD71-A5554DCCD580}.Debug|Any CPU.Build.0 = Debug|Any CPU
		{A87C4CFD-F18C-459D-BD71-A5554DCCD580}.Release|Any CPU.ActiveCfg = Release|Any CPU
		{A87C4CFD-F18C-459D-BD71-A5554DCCD580}.Release|Any CPU.Build.0 = Release|Any CPU
		{F4A826BD-BCA8-49C8-8E55-B3337A28F8CA}.Debug|Any CPU.ActiveCfg = Debug|Any CPU
		{F4A826BD-BCA8-49C8-8E55-B3337A28F8CA}.Debug|Any CPU.Build.0 = Debug|Any CPU
		{F4A826BD-BCA8-49C8-8E55-B3337A28F8CA}.Release|Any CPU.ActiveCfg = Release|Any CPU
		{F4A826BD-BCA8-49C8-8E55-B3337A28F8CA}.Release|Any CPU.Build.0 = Release|Any CPU
		{54B547C3-3217-426D-AB27-A38695DC19CD}.Debug|Any CPU.ActiveCfg = Debug|Any CPU
		{54B547C3-3217-426D-AB27-A38695DC19CD}.Debug|Any CPU.Build.0 = Debug|Any CPU
		{54B547C3-3217-426D-AB27-A38695DC19CD}.Release|Any CPU.ActiveCfg = Release|Any CPU
		{54B547C3-3217-426D-AB27-A38695DC19CD}.Release|Any CPU.Build.0 = Release|Any CPU
		{93F64241-792D-4100-8AF2-6E2EE20BC61F}.Debug|Any CPU.ActiveCfg = Debug|Any CPU
		{93F64241-792D-4100-8AF2-6E2EE20BC61F}.Debug|Any CPU.Build.0 = Debug|Any CPU
		{93F64241-792D-4100-8AF2-6E2EE20BC61F}.Release|Any CPU.ActiveCfg = Release|Any CPU
		{93F64241-792D-4100-8AF2-6E2EE20BC61F}.Release|Any CPU.Build.0 = Release|Any CPU
	EndGlobalSection
	GlobalSection(SolutionProperties) = preSolution
		HideSolutionNode = FALSE
	EndGlobalSection
	GlobalSection(ExtensibilityGlobals) = postSolution
		SolutionGuid = {5B0F4758-5300-4695-A546-42692D292B70}
	EndGlobalSection
EndGlobal
